{
  "version": 4,
  "terraform_version": "1.4.5",
  "serial": 2,
  "lineage": "e7bc4fac-d30d-178e-13af-5397a5a30719",
  "outputs": {
    "rand-str": {
      "value": [
        "Apc+81KAr7k#"
      ],
      "type": [
        "tuple",
        [
          "string"
        ]
      ]
    }
  },
  "resources": [
    {
      "mode": "managed",
      "type": "random_string",
      "name": "rand_str",
      "provider": "provider[\"registry.terraform.io/hashicorp/random\"]",
      "instances": [
        {
          "schema_version": 2,
          "attributes": {
            "id": "Apc+81KAr7k#",
            "keepers": null,
            "length": 12,
            "lower": true,
            "min_lower": 0,
            "min_numeric": 0,
            "min_special": 0,
            "min_upper": 0,
            "number": true,
            "numeric": true,
            "override_special": "+/*\u0026%$#@",
            "result": "Apc+81KAr7k#",
            "special": true,
            "upper": true
          },
          "sensitive_attributes": []
        }
      ]
    }
  ],
  "check_results": null
}
